
Microsoft Visual Studio Solution File, Format Version 12.00
# Visual Studio 15
VisualStudioVersion = 15.0.27428.2027
MinimumVisualStudioVersion = 10.0.40219.1
Project("{FAE04EC0-301F-11D3-BF4B-00C04F79EFBC}") = "RoDSStar", "RoDSStar.csproj", "{A6D96890-4D5E-41CF-991F-DC099A4066BD}"
EndProject
Global
	GlobalSection(SolutionConfigurationPlatforms) = preSolution
		Debug|Any CPU = Debug|Any CPU
		Release|Any CPU = Release|Any CPU
	EndGlobalSection
	GlobalSection(ProjectConfigurationPlatforms) = postSolution
		{A6D96890-4D5E-41CF-991F-DC099A4066BD}.Debug|Any CPU.ActiveCfg = Debug|Any CPU
		{A6D96890-4D5E-41CF-991F-DC099A4066BD}.Debug|Any CPU.Build.0 = Debug|Any CPU
		{A6D96890-4D5E-41CF-991F-DC099A4066BD}.Release|Any CPU.ActiveCfg = Release|Any CPU
		{A6D96890-4D5E-41CF-991F-DC099A4066BD}.Release|Any CPU.Build.0 = Release|Any CPU
	EndGlobalSection
	GlobalSection(SolutionProperties) = preSolution
		HideSolutionNode = FALSE
	EndGlobalSection
	GlobalSection(ExtensibilityGlobals) = postSolution
		SolutionGuid = {170B1B83-11FB-4093-8AF1-B06314BBDF4E}
	EndGlobalSection
	GlobalSection(Performance) = preSolution
		HasPerformanceSessions = true
	EndGlobalSection
EndGlobal
